
Microsoft Visual Studio Solution File, Format Version 12.00
# Visual Studio Version 16
VisualStudioVersion = 16.0.28822.285
MinimumVisualStudioVersion = 10.0.40219.1
Project("{8BC9CEB8-8B4A-11D0-8D11-00A0C91BC942}") = "golcommandline", "golcommandline\golcommandline.vcxproj", "{E1A4923A-00ED-4180-9A57-A560DB3B874C}"
	ProjectSection(ProjectDependencies) = postProject
		{0571DA53-03CA-412F-B7B7-41A9DAC5A476} = {0571DA53-03CA-412F-B7B7-41A9DAC5A476}
	EndProjectSection
EndProject
Project("{8BC9CEB8-8B4A-11D0-8D11-00A0C91BC942}") = "gollib", "gollib\gollib.vcxproj", "{0571DA53-03CA-412F-B7B7-41A9DAC5A476}"
EndProject
Global
	GlobalSection(SolutionConfigurationPlatforms) = preSolution
		Debug|x64 = Debug|x64
		Debug|x86 = Debug|x86
		Release|x64 = Release|x64
		Release|x86 = Release|x86
	EndGlobalSection
	GlobalSection(ProjectConfigurationPlatforms) = postSolution
		{E1A4923A-00ED-4180-9A57-A560DB3B874C}.Debug|x64.ActiveCfg = Debug|x64
		{E1A4923A-00ED-4180-9A57-A560DB3B874C}.Debug|x64.Build.0 = Debug|x64
		{E1A4923A-00ED-4180-9A57-A560DB3B874C}.Debug|x86.ActiveCfg = Debug|Win32
		{E1A4923A-00ED-4180-9A57-A560DB3B874C}.Debug|x86.Build.0 = Debug|Win32
		{E1A4923A-00ED-4180-9A57-A560DB3B874C}.Release|x64.ActiveCfg = Release|x64
		{E1A4923A-00ED-4180-9A57-A560DB3B874C}.Release|x64.Build.0 = Release|x64
		{E1A4923A-00ED-4180-9A57-A560DB3B874C}.Release|x86.ActiveCfg = Release|Win32
		{E1A4923A-00ED-4180-9A57-A560DB3B874C}.Release|x86.Build.0 = Release|Win32
		{0571DA53-03CA-412F-B7B7-41A9DAC5A476}.Debug|x64.ActiveCfg = Debug|x64
		{0571DA53-03CA-412F-B7B7-41A9DAC5A476}.Debug|x64.Build.0 = Debug|x64
		{0571DA53-03CA-412F-B7B7-41A9DAC5A476}.Debug|x86.ActiveCfg = Debug|Win32
		{0571DA53-03CA-412F-B7B7-41A9DAC5A476}.Debug|x86.Build.0 = Debug|Win32
		{0571DA53-03CA-412F-B7B7-41A9DAC5A476}.Release|x64.ActiveCfg = Release|x64
		{0571DA53-03CA-412F-B7B7-41A9DAC5A476}.Release|x64.Build.0 = Release|x64
		{0571DA53-03CA-412F-B7B7-41A9DAC5A476}.Release|x86.ActiveCfg = Release|Win32
		{0571DA53-03CA-412F-B7B7-41A9DAC5A476}.Release|x86.Build.0 = Release|Win32
	EndGlobalSection
	GlobalSection(SolutionProperties) = preSolution
		HideSolutionNode = FALSE
	EndGlobalSection
	GlobalSection(ExtensibilityGlobals) = postSolution
		SolutionGuid = {103683F0-31F2-427A-89A4-7306928E579F}
	EndGlobalSection
EndGlobal
